
Microsoft Visual Studio Solution File, Format Version 12.00
# Visual Studio Version 16
VisualStudioVersion = 16.0.30621.155
MinimumVisualStudioVersion = 10.0.40219.1
Project("{FAE04EC0-301F-11D3-BF4B-00C04F79EFBC}") = "Taxi_01", "Taxi_01\Taxi_01.csproj", "{1E424175-8340-4AB5-85CA-CFE8C71F017A}"
EndProject
Global
	GlobalSection(SolutionConfigurationPlatforms) = preSolution
		Debug|Any CPU = Debug|Any CPU
		Release|Any CPU = Release|Any CPU
	EndGlobalSection
	GlobalSection(ProjectConfigurationPlatforms) = postSolution
		{1E424175-8340-4AB5-85CA-CFE8C71F017A}.Debug|Any CPU.ActiveCfg = Debug|Any CPU
		{1E424175-8340-4AB5-85CA-CFE8C71F017A}.Debug|Any CPU.Build.0 = Debug|Any CPU
		{1E424175-8340-4AB5-85CA-CFE8C71F017A}.Release|Any CPU.ActiveCfg = Release|Any CPU
		{1E424175-8340-4AB5-85CA-CFE8C71F017A}.Release|Any CPU.Build.0 = Release|Any CPU
	EndGlobalSection
	GlobalSection(SolutionProperties) = preSolution
		HideSolutionNode = FALSE
	EndGlobalSection
	GlobalSection(ExtensibilityGlobals) = postSolution
		SolutionGuid = {C000B515-6834-4949-8211-218834DCFB90}
	EndGlobalSection
EndGlobal
